
Microsoft Visual Studio Solution File, Format Version 12.00
# Visual Studio Version 16
VisualStudioVersion = 16.0.29326.143
MinimumVisualStudioVersion = 10.0.40219.1
Project("{FAE04EC0-301F-11D3-BF4B-00C04F79EFBC}") = "RestCode_WebApplication", "RestCode_WebApplication\RestCode_WebApplication.csproj", "{6951EFB7-8C30-4DC2-8025-F6E9236C294D}"
EndProject
Global
	GlobalSection(SolutionConfigurationPlatforms) = preSolution
		Debug|Any CPU = Debug|Any CPU
		Release|Any CPU = Release|Any CPU
	EndGlobalSection
	GlobalSection(ProjectConfigurationPlatforms) = postSolution
		{6951EFB7-8C30-4DC2-8025-F6E9236C294D}.Debug|Any CPU.ActiveCfg = Debug|Any CPU
		{6951EFB7-8C30-4DC2-8025-F6E9236C294D}.Debug|Any CPU.Build.0 = Debug|Any CPU
		{6951EFB7-8C30-4DC2-8025-F6E9236C294D}.Release|Any CPU.ActiveCfg = Release|Any CPU
		{6951EFB7-8C30-4DC2-8025-F6E9236C294D}.Release|Any CPU.Build.0 = Release|Any CPU
	EndGlobalSection
	GlobalSection(SolutionProperties) = preSolution
		HideSolutionNode = FALSE
	EndGlobalSection
	GlobalSection(ExtensibilityGlobals) = postSolution
		SolutionGuid = {669512EF-D947-4D07-8EF7-A40F898E47A7}
	EndGlobalSection
EndGlobal
